
Microsoft Visual Studio Solution File, Format Version 12.00
# Visual Studio Version 17
VisualStudioVersion = 17.0.31903.59
MinimumVisualStudioVersion = 10.0.40219.1
Project("{2150E333-8FDC-42A3-9474-1A3956D46DE8}") = "src", "src", "{827E0CD3-B72D-47B6-A68D-7590B98EB39B}"
EndProject
Project("{FAE04EC0-301F-11D3-BF4B-00C04F79EFBC}") = "FlyerFlipper.Core", "src\FlyerFlipper.Core\FlyerFlipper.Core.csproj", "{2007BCC3-5784-4A6A-8096-8E8480CAC62E}"
EndProject
Project("{FAE04EC0-301F-11D3-BF4B-00C04F79EFBC}") = "FlyerFlipper.Imaging", "src\FlyerFlipper.Imaging\FlyerFlipper.Imaging.csproj", "{270B489F-66EF-4FF0-9A47-3CED2DBFC413}"
EndProject
Project("{FAE04EC0-301F-11D3-BF4B-00C04F79EFBC}") = "FlyerFlipper.Infrastructure", "src\FlyerFlipper.Infrastructure\FlyerFlipper.Infrastructure.csproj", "{42B89D0D-7DAB-430E-B0C9-18D28A0AD3AC}"
EndProject
Project("{FAE04EC0-301F-11D3-BF4B-00C04F79EFBC}") = "FlyerFlipper.UI", "src\FlyerFlipper.UI\FlyerFlipper.UI.csproj", "{4539FF99-F6BE-47D9-A134-FEC4B3D52727}"
EndProject
Project("{FAE04EC0-301F-11D3-BF4B-00C04F79EFBC}") = "FlyerFlipper.App", "src\FlyerFlipper.App\FlyerFlipper.App.csproj", "{3A31958F-8C4A-4F7D-953A-88EABCF749D0}"
EndProject
Project("{FAE04EC0-301F-11D3-BF4B-00C04F79EFBC}") = "FlyerFlipper.Tests", "tests\FlyerFlipper.Tests\FlyerFlipper.Tests.csproj", "{5392F1FE-3DE0-4C50-B713-9A8581EDD4FE}"
EndProject
Global
	GlobalSection(SolutionConfigurationPlatforms) = preSolution
		Debug|Any CPU = Debug|Any CPU
		Debug|x64 = Debug|x64
		Debug|x86 = Debug|x86
		Release|Any CPU = Release|Any CPU
		Release|x64 = Release|x64
		Release|x86 = Release|x86
	EndGlobalSection
	GlobalSection(ProjectConfigurationPlatforms) = postSolution
		{2007BCC3-5784-4A6A-8096-8E8480CAC62E}.Debug|Any CPU.ActiveCfg = Debug|Any CPU
		{2007BCC3-5784-4A6A-8096-8E8480CAC62E}.Debug|Any CPU.Build.0 = Debug|Any CPU
		{2007BCC3-5784-4A6A-8096-8E8480CAC62E}.Debug|x64.ActiveCfg = Debug|Any CPU
		{2007BCC3-5784-4A6A-8096-8E8480CAC62E}.Debug|x64.Build.0 = Debug|Any CPU
		{2007BCC3-5784-4A6A-8096-8E8480CAC62E}.Debug|x86.ActiveCfg = Debug|Any CPU
		{2007BCC3-5784-4A6A-8096-8E8480CAC62E}.Debug|x86.Build.0 = Debug|Any CPU
		{2007BCC3-5784-4A6A-8096-8E8480CAC62E}.Release|Any CPU.ActiveCfg = Release|Any CPU
		{2007BCC3-5784-4A6A-8096-8E8480CAC62E}.Release|Any CPU.Build.0 = Release|Any CPU
		{2007BCC3-5784-4A6A-8096-8E8480CAC62E}.Release|x64.ActiveCfg = Release|Any CPU
		{2007BCC3-5784-4A6A-8096-8E8480CAC62E}.Release|x64.Build.0 = Release|Any CPU
		{2007BCC3-5784-4A6A-8096-8E8480CAC62E}.Release|x86.ActiveCfg = Release|Any CPU
		{2007BCC3-5784-4A6A-8096-8E8480CAC62E}.Release|x86.Build.0 = Release|Any CPU
		{270B489F-66EF-4FF0-9A47-3CED2DBFC413}.Debug|Any CPU.ActiveCfg = Debug|Any CPU
		{270B489F-66EF-4FF0-9A47-3CED2DBFC413}.Debug|Any CPU.Build.0 = Debug|Any CPU
		{270B489F-66EF-4FF0-9A47-3CED2DBFC413}.Debug|x64.ActiveCfg = Debug|Any CPU
		{270B489F-66EF-4FF0-9A47-3CED2DBFC413}.Debug|x64.Build.0 = Debug|Any CPU
		{270B489F-66EF-4FF0-9A47-3CED2DBFC413}.Debug|x86.ActiveCfg = Debug|Any CPU
		{270B489F-66EF-4FF0-9A47-3CED2DBFC413}.Debug|x86.Build.0 = Debug|Any CPU
		{270B489F-66EF-4FF0-9A47-3CED2DBFC413}.Release|Any CPU.ActiveCfg = Release|Any CPU
		{270B489F-66EF-4FF0-9A47-3CED2DBFC413}.Release|Any CPU.Build.0 = Release|Any CPU
		{270B489F-66EF-4FF0-9A47-3CED2DBFC413}.Release|x64.ActiveCfg = Release|Any CPU
		{270B489F-66EF-4FF0-9A47-3CED2DBFC413}.Release|x64.Build.0 = Release|Any CPU
		{270B489F-66EF-4FF0-9A47-3CED2DBFC413}.Release|x86.ActiveCfg = Release|Any CPU
		{270B489F-66EF-4FF0-9A47-3CED2DBFC413}.Release|x86.Build.0 = Release|Any CPU
		{42B89D0D-7DAB-430E-B0C9-18D28A0AD3AC}.Debug|Any CPU.ActiveCfg = Debug|Any CPU
		{42B89D0D-7DAB-430E-B0C9-18D28A0AD3AC}.Debug|Any CPU.Build.0 = Debug|Any CPU
		{42B89D0D-7DAB-430E-B0C9-18D28A0AD3AC}.Debug|x64.ActiveCfg = Debug|Any CPU
		{42B89D0D-7DAB-430E-B0C9-18D28A0AD3AC}.Debug|x64.Build.0 = Debug|Any CPU
		{42B89D0D-7DAB-430E-B0C9-18D28A0AD3AC}.Debug|x86.ActiveCfg = Debug|Any CPU
		{42B89D0D-7DAB-430E-B0C9-18D28A0AD3AC}.Debug|x86.Build.0 = Debug|Any CPU
		{42B89D0D-7DAB-430E-B0C9-18D28A0AD3AC}.Release|Any CPU.ActiveCfg = Release|Any CPU
		{42B89D0D-7DAB-430E-B0C9-18D28A0AD3AC}.Release|Any CPU.Build.0 = Release|Any CPU
		{42B89D0D-7DAB-430E-B0C9-18D28A0AD3AC}.Release|x64.ActiveCfg = Release|Any CPU
		{42B89D0D-7DAB-430E-B0C9-18D28A0AD3AC}.Release|x64.Build.0 = Release|Any CPU
		{42B89D0D-7DAB-430E-B0C9-18D28A0AD3AC}.Release|x86.ActiveCfg = Release|Any CPU
		{42B89D0D-7DAB-430E-B0C9-18D28A0AD3AC}.Release|x86.Build.0 = Release|Any CPU
		{4539FF99-F6BE-47D9-A134-FEC4B3D52727}.Debug|Any CPU.ActiveCfg = Debug|Any CPU
		{4539FF99-F6BE-47D9-A134-FEC4B3D52727}.Debug|Any CPU.Build.0 = Debug|Any CPU
		{4539FF99-F6BE-47D9-A134-FEC4B3D52727}.Debug|x64.ActiveCfg = Debug|Any CPU
		{4539FF99-F6BE-47D9-A134-FEC4B3D52727}.Debug|x64.Build.0 = Debug|Any CPU
		{4539FF99-F6BE-47D9-A134-FEC4B3D52727}.Debug|x86.ActiveCfg = Debug|Any CPU
		{4539FF99-F6BE-47D9-A134-FEC4B3D52727}.Debug|x86.Build.0 = Debug|Any CPU
		{4539FF99-F6BE-47D9-A134-FEC4B3D52727}.Release|Any CPU.ActiveCfg = Release|Any CPU
		{4539FF99-F6BE-47D9-A134-FEC4B3D52727}.Release|Any CPU.Build.0 = Release|Any CPU
		{4539FF99-F6BE-47D9-A134-FEC4B3D52727}.Release|x64.ActiveCfg = Release|Any CPU
		{4539FF99-F6BE-47D9-A134-FEC4B3D52727}.Release|x64.Build.0 = Release|Any CPU
		{4539FF99-F6BE-47D9-A134-FEC4B3D52727}.Release|x86.ActiveCfg = Release|Any CPU
		{4539FF99-F6BE-47D9-A134-FEC4B3D52727}.Release|x86.Build.0 = Release|Any CPU
		{3A31958F-8C4A-4F7D-953A-88EABCF749D0}.Debug|Any CPU.ActiveCfg = Debug|Any CPU
		{3A31958F-8C4A-4F7D-953A-88EABCF749D0}.Debug|Any CPU.Build.0 = Debug|Any CPU
		{3A31958F-8C4A-4F7D-953A-88EABCF749D0}.Debug|x64.ActiveCfg = Debug|Any CPU
		{3A31958F-8C4A-4F7D-953A-88EABCF749D0}.Debug|x64.Build.0 = Debug|Any CPU
		{3A31958F-8C4A-4F7D-953A-88EABCF749D0}.Debug|x86.ActiveCfg = Debug|Any CPU
		{3A31958F-8C4A-4F7D-953A-88EABCF749D0}.Debug|x86.Build.0 = Debug|Any CPU
		{3A31958F-8C4A-4F7D-953A-88EABCF749D0}.Release|Any CPU.ActiveCfg = Release|Any CPU
		{3A31958F-8C4A-4F7D-953A-88EABCF749D0}.Release|Any CPU.Build.0 = Release|Any CPU
		{3A31958F-8C4A-4F7D-953A-88EABCF749D0}.Release|x64.ActiveCfg = Release|Any CPU
		{3A31958F-8C4A-4F7D-953A-88EABCF749D0}.Release|x64.Build.0 = Release|Any CPU
		{3A31958F-8C4A-4F7D-953A-88EABCF749D0}.Release|x86.ActiveCfg = Release|Any CPU
		{3A31958F-8C4A-4F7D-953A-88EABCF749D0}.Release|x86.Build.0 = Release|Any CPU
		{5392F1FE-3DE0-4C50-B713-9A8581EDD4FE}.Debug|Any CPU.ActiveCfg = Debug|Any CPU
		{5392F1FE-3DE0-4C50-B713-9A8581EDD4FE}.Debug|Any CPU.Build.0 = Debug|Any CPU
		{5392F1FE-3DE0-4C50-B713-9A8581EDD4FE}.Debug|x64.ActiveCfg = Debug|Any CPU
		{5392F1FE-3DE0-4C50-B713-9A8581EDD4FE}.Debug|x64.Build.0 = Debug|Any CPU
		{5392F1FE-3DE0-4C50-B713-9A8581EDD4FE}.Debug|x86.ActiveCfg = Debug|Any CPU
		{5392F1FE-3DE0-4C50-B713-9A8581EDD4FE}.Debug|x86.Build.0 = Debug|Any CPU
		{5392F1FE-3DE0-4C50-B713-9A8581EDD4FE}.Release|Any CPU.ActiveCfg = Release|Any CPU
		{5392F1FE-3DE0-4C50-B713-9A8581EDD4FE}.Release|Any CPU.Build.0 = Release|Any CPU
		{5392F1FE-3DE0-4C50-B713-9A8581EDD4FE}.Release|x64.ActiveCfg = Release|Any CPU
		{5392F1FE-3DE0-4C50-B713-9A8581EDD4FE}.Release|x64.Build.0 = Release|Any CPU
		{5392F1FE-3DE0-4C50-B713-9A8581EDD4FE}.Release|x86.ActiveCfg = Release|Any CPU
		{5392F1FE-3DE0-4C50-B713-9A8581EDD4FE}.Release|x86.Build.0 = Release|Any CPU
	EndGlobalSection
	GlobalSection(SolutionProperties) = preSolution
		HideSolutionNode = FALSE
	EndGlobalSection
	GlobalSection(NestedProjects) = preSolution
		{2007BCC3-5784-4A6A-8096-8E8480CAC62E} = {827E0CD3-B72D-47B6-A68D-7590B98EB39B}
		{270B489F-66EF-4FF0-9A47-3CED2DBFC413} = {827E0CD3-B72D-47B6-A68D-7590B98EB39B}
		{42B89D0D-7DAB-430E-B0C9-18D28A0AD3AC} = {827E0CD3-B72D-47B6-A68D-7590B98EB39B}
		{4539FF99-F6BE-47D9-A134-FEC4B3D52727} = {827E0CD3-B72D-47B6-A68D-7590B98EB39B}
		{3A31958F-8C4A-4F7D-953A-88EABCF749D0} = {827E0CD3-B72D-47B6-A68D-7590B98EB39B}
		{5392F1FE-3DE0-4C50-B713-9A8581EDD4FE} = {827E0CD3-B72D-47B6-A68D-7590B98EB39B}
	EndGlobalSection
EndGlobal
